{
  "version": 4,
  "terraform_version": "1.3.6",
  "serial": 30,
  "lineage": "171055ef-abd8-ff39-f985-98c78b849fc9",
  "outputs": {},
  "resources": [
    {
      "mode": "managed",
      "type": "azurerm_resource_group",
      "name": "rg",
      "provider": "provider[\"registry.terraform.io/hashicorp/azurerm\"]",
      "instances": [
        {
          "schema_version": 0,
          "attributes": {
            "id": "/subscriptions/725fa6c3-bb84-4bc9-a873-2d1d65c02bbf/resourceGroups/cdv-terraform-dev-rg",
            "location": "westeurope",
            "name": "cdv-terraform-dev-rg",
            "tags": {
              "application": "terraform",
              "environment": "dev",
              "owner": "kacper.szczepanek@cdv.pl"
            },
            "timeouts": null
          },
          "sensitive_attributes": [],
          "private": "eyJlMmJmYjczMC1lY2FhLTExZTYtOGY4OC0zNDM2M2JjN2M0YzAiOnsiY3JlYXRlIjo1NDAwMDAwMDAwMDAwLCJkZWxldGUiOjU0MDAwMDAwMDAwMDAsInJlYWQiOjMwMDAwMDAwMDAwMCwidXBkYXRlIjo1NDAwMDAwMDAwMDAwfX0="
        }
      ]
    },
    {
      "mode": "managed",
      "type": "azurerm_virtual_network",
      "name": "vnet",
      "provider": "provider[\"registry.terraform.io/hashicorp/azurerm\"]",
      "instances": [
        {
          "schema_version": 0,
          "attributes": {
            "address_space": [
              "10.0.0.0/16"
            ],
            "bgp_community": "",
            "ddos_protection_plan": [],
            "dns_servers": [],
            "edge_zone": "",
            "flow_timeout_in_minutes": 0,
            "guid": "422bae26-c4e1-49cc-98ab-4904ab30e8ce",
            "id": "/subscriptions/725fa6c3-bb84-4bc9-a873-2d1d65c02bbf/resourceGroups/cdv-terraform-dev-rg/providers/Microsoft.Network/virtualNetworks/cdv-terraform-dev-vnet",
            "location": "westeurope",
            "name": "cdv-terraform-dev-vnet",
            "resource_group_name": "cdv-terraform-dev-rg",
            "subnet": [],
            "tags": {
              "application": "terraform",
              "environment": "dev",
              "owner": "kacper.szczepanek@cdv.pl"
            },
            "timeouts": null
          },
          "sensitive_attributes": [],
          "private": "eyJlMmJmYjczMC1lY2FhLTExZTYtOGY4OC0zNDM2M2JjN2M0YzAiOnsiY3JlYXRlIjoxODAwMDAwMDAwMDAwLCJkZWxldGUiOjE4MDAwMDAwMDAwMDAsInJlYWQiOjMwMDAwMDAwMDAwMCwidXBkYXRlIjoxODAwMDAwMDAwMDAwfX0=",
          "dependencies": [
            "azurerm_resource_group.rg"
          ]
        }
      ]
    }
  ],
  "check_results": null
}
